// !$*UTF8*$!
{
	archiveVersion = 1;
	classes = {
	};
	objectVersion = 50;
	objects = {

/* Begin PBXBuildFile section */
		C187319E218230FA009E0C47 /* AppDelegate.swift in Sources */ = {isa = PBXBuildFile; fileRef = C187319D218230FA009E0C47 /* AppDelegate.swift */; };
		C18731A3218230FA009E0C47 /* Main.storyboard in Resources */ = {isa = PBXBuildFile; fileRef = C18731A1218230FA009E0C47 /* Main.storyboard */; };
		C18731A5218230FD009E0C47 /* Assets.xcassets in Resources */ = {isa = PBXBuildFile; fileRef = C18731A4218230FD009E0C47 /* Assets.xcassets */; };
		C18731A8218230FD009E0C47 /* LaunchScreen.storyboard in Resources */ = {isa = PBXBuildFile; fileRef = C18731A6218230FD009E0C47 /* LaunchScreen.storyboard */; };
		C18731B12182316C009E0C47 /* EndpointsTableViewController.swift in Sources */ = {isa = PBXBuildFile; fileRef = C18731B02182316C009E0C47 /* EndpointsTableViewController.swift */; };
		C18731B721823292009E0C47 /* Navigation.swift in Sources */ = {isa = PBXBuildFile; fileRef = C18731B621823292009E0C47 /* Navigation.swift */; };
		C18731B9218235B6009E0C47 /* EndpointOptionsTableViewController.swift in Sources */ = {isa = PBXBuildFile; fileRef = C18731B8218235B6009E0C47 /* EndpointOptionsTableViewController.swift */; };
		C18731BB21826E61009E0C47 /* EndpointResponseViewController.swift in Sources */ = {isa = PBXBuildFile; fileRef = C18731BA21826E61009E0C47 /* EndpointResponseViewController.swift */; };
		C1F528192182D34A0098217A /* YelpKit.framework in Frameworks */ = {isa = PBXBuildFile; fileRef = C1F528182182D29B0098217A /* YelpKit.framework */; };
		C1F5281A2182D34A0098217A /* YelpKit.framework in Embed Frameworks */ = {isa = PBXBuildFile; fileRef = C1F528182182D29B0098217A /* YelpKit.framework */; settings = {ATTRIBUTES = (CodeSignOnCopy, RemoveHeadersOnCopy, ); }; };
/* End PBXBuildFile section */

/* Begin PBXContainerItemProxy section */
		C1F528172182D29B0098217A /* PBXContainerItemProxy */ = {
			isa = PBXContainerItemProxy;
			containerPortal = C1F528132182D29A0098217A /* YelpKit.xcodeproj */;
			proxyType = 2;
			remoteGlobalIDString = C18731C9218275DF009E0C47;
			remoteInfo = YelpKit;
		};
		C1F5281B2182D34A0098217A /* PBXContainerItemProxy */ = {
			isa = PBXContainerItemProxy;
			containerPortal = C1F528132182D29A0098217A /* YelpKit.xcodeproj */;
			proxyType = 1;
			remoteGlobalIDString = C18731C8218275DF009E0C47;
			remoteInfo = YelpKit;
		};
/* End PBXContainerItemProxy section */

/* Begin PBXCopyFilesBuildPhase section */
		C1F5281D2182D34A0098217A /* Embed Frameworks */ = {
			isa = PBXCopyFilesBuildPhase;
			buildActionMask = 2147483647;
			dstPath = "";
			dstSubfolderSpec = 10;
			files = (
				C1F5281A2182D34A0098217A /* YelpKit.framework in Embed Frameworks */,
			);
			name = "Embed Frameworks";
			runOnlyForDeploymentPostprocessing = 0;
		};
/* End PBXCopyFilesBuildPhase section */

/* Begin PBXFileReference section */
		C187319A218230FA009E0C47 /* YelpKitExample.app */ = {isa = PBXFileReference; explicitFileType = wrapper.application; includeInIndex = 0; path = YelpKitExample.app; sourceTree = BUILT_PRODUCTS_DIR; };
		C187319D218230FA009E0C47 /* AppDelegate.swift */ = {isa = PBXFileReference; lastKnownFileType = sourcecode.swift; path = AppDelegate.swift; sourceTree = "<group>"; };
		C18731A2218230FA009E0C47 /* Base */ = {isa = PBXFileReference; lastKnownFileType = file.storyboard; name = Base; path = Base.lproj/Main.storyboard; sourceTree = "<group>"; };
		C18731A4218230FD009E0C47 /* Assets.xcassets */ = {isa = PBXFileReference; lastKnownFileType = folder.assetcatalog; path = Assets.xcassets; sourceTree = "<group>"; };
		C18731A7218230FD009E0C47 /* Base */ = {isa = PBXFileReference; lastKnownFileType = file.storyboard; name = Base; path = Base.lproj/LaunchScreen.storyboard; sourceTree = "<group>"; };
		C18731A9218230FD009E0C47 /* Info.plist */ = {isa = PBXFileReference; lastKnownFileType = text.plist.xml; path = Info.plist; sourceTree = "<group>"; };
		C18731B02182316C009E0C47 /* EndpointsTableViewController.swift */ = {isa = PBXFileReference; lastKnownFileType = sourcecode.swift; path = EndpointsTableViewController.swift; sourceTree = "<group>"; };
		C18731B621823292009E0C47 /* Navigation.swift */ = {isa = PBXFileReference; lastKnownFileType = sourcecode.swift; path = Navigation.swift; sourceTree = "<group>"; };
		C18731B8218235B6009E0C47 /* EndpointOptionsTableViewController.swift */ = {isa = PBXFileReference; lastKnownFileType = sourcecode.swift; path = EndpointOptionsTableViewController.swift; sourceTree = "<group>"; };
		C18731BA21826E61009E0C47 /* EndpointResponseViewController.swift */ = {isa = PBXFileReference; lastKnownFileType = sourcecode.swift; path = EndpointResponseViewController.swift; sourceTree = "<group>"; };
		C1F528132182D29A0098217A /* YelpKit.xcodeproj */ = {isa = PBXFileReference; lastKnownFileType = "wrapper.pb-project"; name = YelpKit.xcodeproj; path = ../YelpKit/YelpKit.xcodeproj; sourceTree = "<group>"; };
/* End PBXFileReference section */

/* Begin PBXFrameworksBuildPhase section */
		C1873197218230FA009E0C47 /* Frameworks */ = {
			isa = PBXFrameworksBuildPhase;
			buildActionMask = 2147483647;
			files = (
				C1F528192182D34A0098217A /* YelpKit.framework in Frameworks */,
			);
			runOnlyForDeploymentPostprocessing = 0;
		};
/* End PBXFrameworksBuildPhase section */

/* Begin PBXGroup section */
		C1873191218230FA009E0C47 = {
			isa = PBXGroup;
			children = (
				C1F528132182D29A0098217A /* YelpKit.xcodeproj */,
				C187319C218230FA009E0C47 /* YelpKitExample */,
				C187319B218230FA009E0C47 /* Products */,
			);
			sourceTree = "<group>";
		};
		C187319B218230FA009E0C47 /* Products */ = {
			isa = PBXGroup;
			children = (
				C187319A218230FA009E0C47 /* YelpKitExample.app */,
			);
			name = Products;
			sourceTree = "<group>";
		};
		C187319C218230FA009E0C47 /* YelpKitExample */ = {
			isa = PBXGroup;
			children = (
				C18731B52182326D009E0C47 /* Helpful */,
				C18731AF21823156009E0C47 /* View Controllers */,
				C187319D218230FA009E0C47 /* AppDelegate.swift */,
				C18731A1218230FA009E0C47 /* Main.storyboard */,
				C18731A4218230FD009E0C47 /* Assets.xcassets */,
				C18731A6218230FD009E0C47 /* LaunchScreen.storyboard */,
				C18731A9218230FD009E0C47 /* Info.plist */,
			);
			path = YelpKitExample;
			sourceTree = "<group>";
		};
		C18731AF21823156009E0C47 /* View Controllers */ = {
			isa = PBXGroup;
			children = (
				C18731B02182316C009E0C47 /* EndpointsTableViewController.swift */,
				C18731B8218235B6009E0C47 /* EndpointOptionsTableViewController.swift */,
				C18731BA21826E61009E0C47 /* EndpointResponseViewController.swift */,
			);
			path = "View Controllers";
			sourceTree = "<group>";
		};
		C18731B52182326D009E0C47 /* Helpful */ = {
			isa = PBXGroup;
			children = (
				C18731B621823292009E0C47 /* Navigation.swift */,
			);
			path = Helpful;
			sourceTree = "<group>";
		};
		C1F528142182D29A0098217A /* Products */ = {
			isa = PBXGroup;
			children = (
				C1F528182182D29B0098217A /* YelpKit.framework */,
			);
			name = Products;
			sourceTree = "<group>";
		};
/* End PBXGroup section */

/* Begin PBXNativeTarget section */
		C1873199218230FA009E0C47 /* YelpKitExample */ = {
			isa = PBXNativeTarget;
			buildConfigurationList = C18731AC218230FD009E0C47 /* Build configuration list for PBXNativeTarget "YelpKitExample" */;
			buildPhases = (
				C1873196218230FA009E0C47 /* Sources */,
				C1873197218230FA009E0C47 /* Frameworks */,
				C1873198218230FA009E0C47 /* Resources */,
				C1F5281D2182D34A0098217A /* Embed Frameworks */,
			);
			buildRules = (
			);
			dependencies = (
				C1F5281C2182D34A0098217A /* PBXTargetDependency */,
			);
			name = YelpKitExample;
			productName = YelpKitExample;
			productReference = C187319A218230FA009E0C47 /* YelpKitExample.app */;
			productType = "com.apple.product-type.application";
		};
/* End PBXNativeTarget section */

/* Begin PBXProject section */
		C1873192218230FA009E0C47 /* Project object */ = {
			isa = PBXProject;
			attributes = {
				LastSwiftUpdateCheck = 1000;
				LastUpgradeCheck = 1000;
				ORGANIZATIONNAME = "Curiously Creative, LLC";
				TargetAttributes = {
					C1873199218230FA009E0C47 = {
						CreatedOnToolsVersion = 10.0;
					};
				};
			};
			buildConfigurationList = C1873195218230FA009E0C47 /* Build configuration list for PBXProject "YelpKitExample" */;
			compatibilityVersion = "Xcode 9.3";
			developmentRegion = en;
			hasScannedForEncodings = 0;
			knownRegions = (
				en,
				Base,
			);
			mainGroup = C1873191218230FA009E0C47;
			productRefGroup = C187319B218230FA009E0C47 /* Products */;
			projectDirPath = "";
			projectReferences = (
				{
					ProductGroup = C1F528142182D29A0098217A /* Products */;
					ProjectRef = C1F528132182D29A0098217A /* YelpKit.xcodeproj */;
				},
			);
			projectRoot = "";
			targets = (
				C1873199218230FA009E0C47 /* YelpKitExample */,
			);
		};
/* End PBXProject section */

/* Begin PBXReferenceProxy section */
		C1F528182182D29B0098217A /* YelpKit.framework */ = {
			isa = PBXReferenceProxy;
			fileType = wrapper.framework;
			path = YelpKit.framework;
			remoteRef = C1F528172182D29B0098217A /* PBXContainerItemProxy */;
			sourceTree = BUILT_PRODUCTS_DIR;
		};
/* End PBXReferenceProxy section */

/* Begin PBXResourcesBuildPhase section */
		C1873198218230FA009E0C47 /* Resources */ = {
			isa = PBXResourcesBuildPhase;
			buildActionMask = 2147483647;
			files = (
				C18731A8218230FD009E0C47 /* LaunchScreen.storyboard in Resources */,
				C18731A5218230FD009E0C47 /* Assets.xcassets in Resources */,
				C18731A3218230FA009E0C47 /* Main.storyboard in Resources */,
			);
			runOnlyForDeploymentPostprocessing = 0;
		};
/* End PBXResourcesBuildPhase section */

/* Begin PBXSourcesBuildPhase section */
		C1873196218230FA009E0C47 /* Sources */ = {
			isa = PBXSourcesBuildPhase;
			buildActionMask = 2147483647;
			files = (
				C18731B721823292009E0C47 /* Navigation.swift in Sources */,
				C18731B12182316C009E0C47 /* EndpointsTableViewController.swift in Sources */,
				C18731BB21826E61009E0C47 /* EndpointResponseViewController.swift in Sources */,
				C187319E218230FA009E0C47 /* AppDelegate.swift in Sources */,
				C18731B9218235B6009E0C47 /* EndpointOptionsTableViewController.swift in Sources */,
			);
			runOnlyForDeploymentPostprocessing = 0;
		};
/* End PBXSourcesBuildPhase section */

/* Begin PBXTargetDependency section */
		C1F5281C2182D34A0098217A /* PBXTargetDependency */ = {
			isa = PBXTargetDependency;
			name = YelpKit;
			targetProxy = C1F5281B2182D34A0098217A /* PBXContainerItemProxy */;
		};
/* End PBXTargetDependency section */

/* Begin PBXVariantGroup section */
		C18731A1218230FA009E0C47 /* Main.storyboard */ = {
			isa = PBXVariantGroup;
			children = (
				C18731A2218230FA009E0C47 /* Base */,
			);
			name = Main.storyboard;
			sourceTree = "<group>";
		};
		C18731A6218230FD009E0C47 /* LaunchScreen.storyboard */ = {
			isa = PBXVariantGroup;
			children = (
				C18731A7218230FD009E0C47 /* Base */,
			);
			name = LaunchScreen.storyboard;
			sourceTree = "<group>";
		};
/* End PBXVariantGroup section */

/* Begin XCBuildConfiguration section */
		C18731AA218230FD009E0C47 /* Debug */ = {
			isa = XCBuildConfiguration;
			buildSettings = {
				ALWAYS_SEARCH_USER_PATHS = NO;
				CLANG_ANALYZER_NONNULL = YES;
				CLANG_ANALYZER_NUMBER_OBJECT_CONVERSION = YES_AGGRESSIVE;
				CLANG_CXX_LANGUAGE_STANDARD = "gnu++14";
				CLANG_CXX_LIBRARY = "libc++";
				CLANG_ENABLE_MODULES = YES;
				CLANG_ENABLE_OBJC_ARC = YES;
				CLANG_ENABLE_OBJC_WEAK = YES;
				CLANG_WARN_BLOCK_CAPTURE_AUTORELEASING = YES;
				CLANG_WARN_BOOL_CONVERSION = YES;
				CLANG_WARN_COMMA = YES;
				CLANG_WARN_CONSTANT_CONVERSION = YES;
				CLANG_WARN_DEPRECATED_OBJC_IMPLEMENTATIONS = YES;
				CLANG_WARN_DIRECT_OBJC_ISA_USAGE = YES_ERROR;
				CLANG_WARN_DOCUMENTATION_COMMENTS = YES;
				CLANG_WARN_EMPTY_BODY = YES;
				CLANG_WARN_ENUM_CONVERSION = YES;
				CLANG_WARN_INFINITE_RECURSION = YES;
				CLANG_WARN_INT_CONVERSION = YES;
				CLANG_WARN_NON_LITERAL_NULL_CONVERSION = YES;
				CLANG_WARN_OBJC_IMPLICIT_RETAIN_SELF = YES;
				CLANG_WARN_OBJC_LITERAL_CONVERSION = YES;
				CLANG_WARN_OBJC_ROOT_CLASS = YES_ERROR;
				CLANG_WARN_RANGE_LOOP_ANALYSIS = YES;
				CLANG_WARN_STRICT_PROTOTYPES = YES;
				CLANG_WARN_SUSPICIOUS_MOVE = YES;
				CLANG_WARN_UNGUARDED_AVAILABILITY = YES_AGGRESSIVE;
				CLANG_WARN_UNREACHABLE_CODE = YES;
				CLANG_WARN__DUPLICATE_METHOD_MATCH = YES;
				CODE_SIGN_IDENTITY = "iPhone Developer";
				COPY_PHASE_STRIP = NO;
				DEBUG_INFORMATION_FORMAT = dwarf;
				ENABLE_STRICT_OBJC_MSGSEND = YES;
				ENABLE_TESTABILITY = YES;
				GCC_C_LANGUAGE_STANDARD = gnu11;
				GCC_DYNAMIC_NO_PIC = NO;
				GCC_NO_COMMON_BLOCKS = YES;
				GCC_OPTIMIZATION_LEVEL = 0;
				GCC_PREPROCESSOR_DEFINITIONS = (
					"DEBUG=1",
					"$(inherited)",
				);
				GCC_WARN_64_TO_32_BIT_CONVERSION = YES;
				GCC_WARN_ABOUT_RETURN_TYPE = YES_ERROR;
				GCC_WARN_UNDECLARED_SELECTOR = YES;
				GCC_WARN_UNINITIALIZED_AUTOS = YES_AGGRESSIVE;
				GCC_WARN_UNUSED_FUNCTION = YES;
				GCC_WARN_UNUSED_VARIABLE = YES;
				IPHONEOS_DEPLOYMENT_TARGET = 12.0;
				MTL_ENABLE_DEBUG_INFO = INCLUDE_SOURCE;
				MTL_FAST_MATH = YES;
				ONLY_ACTIVE_ARCH = YES;
				SDKROOT = iphoneos;
				SWIFT_ACTIVE_COMPILATION_CONDITIONS = DEBUG;
				SWIFT_OPTIMIZATION_LEVEL = "-Onone";
			};
			name = Debug;
		};
		C18731AB218230FD009E0C47 /* Release */ = {
			isa = XCBuildConfiguration;
			buildSettings = {
				ALWAYS_SEARCH_USER_PATHS = NO;
				CLANG_ANALYZER_NONNULL = YES;
				CLANG_ANALYZER_NUMBER_OBJECT_CONVERSION = YES_AGGRESSIVE;
				CLANG_CXX_LANGUAGE_STANDARD = "gnu++14";
				CLANG_CXX_LIBRARY = "libc++";
				CLANG_ENABLE_MODULES = YES;
				CLANG_ENABLE_OBJC_ARC = YES;
				CLANG_ENABLE_OBJC_WEAK = YES;
				CLANG_WARN_BLOCK_CAPTURE_AUTORELEASING = YES;
				CLANG_WARN_BOOL_CONVERSION = YES;
				CLANG_WARN_COMMA = YES;
				CLANG_WARN_CONSTANT_CONVERSION = YES;
				CLANG_WARN_DEPRECATED_OBJC_IMPLEMENTATIONS = YES;
				CLANG_WARN_DIRECT_OBJC_ISA_USAGE = YES_ERROR;
				CLANG_WARN_DOCUMENTATION_COMMENTS = YES;
				CLANG_WARN_EMPTY_BODY = YES;
				CLANG_WARN_ENUM_CONVERSION = YES;
				CLANG_WARN_INFINITE_RECURSION = YES;
				CLANG_WARN_INT_CONVERSION = YES;
				CLANG_WARN_NON_LITERAL_NULL_CONVERSION = YES;
				CLANG_WARN_OBJC_IMPLICIT_RETAIN_SELF = YES;
				CLANG_WARN_OBJC_LITERAL_CONVERSION = YES;
				CLANG_WARN_OBJC_ROOT_CLASS = YES_ERROR;
				CLANG_WARN_RANGE_LOOP_ANALYSIS = YES;
				CLANG_WARN_STRICT_PROTOTYPES = YES;
				CLANG_WARN_SUSPICIOUS_MOVE = YES;
				CLANG_WARN_UNGUARDED_AVAILABILITY = YES_AGGRESSIVE;
				CLANG_WARN_UNREACHABLE_CODE = YES;
				CLANG_WARN__DUPLICATE_METHOD_MATCH = YES;
				CODE_SIGN_IDENTITY = "iPhone Developer";
				COPY_PHASE_STRIP = NO;
				DEBUG_INFORMATION_FORMAT = "dwarf-with-dsym";
				ENABLE_NS_ASSERTIONS = NO;
				ENABLE_STRICT_OBJC_MSGSEND = YES;
				GCC_C_LANGUAGE_STANDARD = gnu11;
				GCC_NO_COMMON_BLOCKS = YES;
				GCC_WARN_64_TO_32_BIT_CONVERSION = YES;
				GCC_WARN_ABOUT_RETURN_TYPE = YES_ERROR;
				GCC_WARN_UNDECLARED_SELECTOR = YES;
				GCC_WARN_UNINITIALIZED_AUTOS = YES_AGGRESSIVE;
				GCC_WARN_UNUSED_FUNCTION = YES;
				GCC_WARN_UNUSED_VARIABLE = YES;
				IPHONEOS_DEPLOYMENT_TARGET = 12.0;
				MTL_ENABLE_DEBUG_INFO = NO;
				MTL_FAST_MATH = YES;
				SDKROOT = iphoneos;
				SWIFT_COMPILATION_MODE = wholemodule;
				SWIFT_OPTIMIZATION_LEVEL = "-O";
				VALIDATE_PRODUCT = YES;
			};
			name = Release;
		};
		C18731AD218230FD009E0C47 /* Debug */ = {
			isa = XCBuildConfiguration;
			buildSettings = {
				ALWAYS_EMBED_SWIFT_STANDARD_LIBRARIES = YES;
				ASSETCATALOG_COMPILER_APPICON_NAME = AppIcon;
				CODE_SIGN_STYLE = Automatic;
				DEVELOPMENT_TEAM = G9EHQST8C5;
				INFOPLIST_FILE = YelpKitExample/Info.plist;
				LD_RUNPATH_SEARCH_PATHS = (
					"$(inherited)",
					"@executable_path/Frameworks",
				);
				PRODUCT_BUNDLE_IDENTIFIER = com.curiouslycreative.YelpKitExample;
				PRODUCT_NAME = "$(TARGET_NAME)";
				SWIFT_VERSION = 4.2;
				TARGETED_DEVICE_FAMILY = "1,2";
			};
			name = Debug;
		};
		C18731AE218230FD009E0C47 /* Release */ = {
			isa = XCBuildConfiguration;
			buildSettings = {
				ALWAYS_EMBED_SWIFT_STANDARD_LIBRARIES = YES;
				ASSETCATALOG_COMPILER_APPICON_NAME = AppIcon;
				CODE_SIGN_STYLE = Automatic;
				DEVELOPMENT_TEAM = G9EHQST8C5;
				INFOPLIST_FILE = YelpKitExample/Info.plist;
				LD_RUNPATH_SEARCH_PATHS = (
					"$(inherited)",
					"@executable_path/Frameworks",
				);
				PRODUCT_BUNDLE_IDENTIFIER = com.curiouslycreative.YelpKitExample;
				PRODUCT_NAME = "$(TARGET_NAME)";
				SWIFT_VERSION = 4.2;
				TARGETED_DEVICE_FAMILY = "1,2";
			};
			name = Release;
		};
/* End XCBuildConfiguration section */

/* Begin XCConfigurationList section */
		C1873195218230FA009E0C47 /* Build configuration list for PBXProject "YelpKitExample" */ = {
			isa = XCConfigurationList;
			buildConfigurations = (
				C18731AA218230FD009E0C47 /* Debug */,
				C18731AB218230FD009E0C47 /* Release */,
			);
			defaultConfigurationIsVisible = 0;
			defaultConfigurationName = Release;
		};
		C18731AC218230FD009E0C47 /* Build configuration list for PBXNativeTarget "YelpKitExample" */ = {
			isa = XCConfigurationList;
			buildConfigurations = (
				C18731AD218230FD009E0C47 /* Debug */,
				C18731AE218230FD009E0C47 /* Release */,
			);
			defaultConfigurationIsVisible = 0;
			defaultConfigurationName = Release;
		};
/* End XCConfigurationList section */
	};
	rootObject = C1873192218230FA009E0C47 /* Project object */;
}
